// !$*UTF8*$!
{
	archiveVersion = 1;
	classes = {
	};
	objectVersion = 55;
	objects = {

/* Begin PBXBuildFile section */
		7752A1C82799FC1B004A9982 /* AppDelegate.swift in Sources */ = {isa = PBXBuildFile; fileRef = 7752A1C72799FC1B004A9982 /* AppDelegate.swift */; };
		7752A1CA2799FC1B004A9982 /* SceneDelegate.swift in Sources */ = {isa = PBXBuildFile; fileRef = 7752A1C92799FC1B004A9982 /* SceneDelegate.swift */; };
		7752A1CC2799FC1B004A9982 /* ViewController.swift in Sources */ = {isa = PBXBuildFile; fileRef = 7752A1CB2799FC1B004A9982 /* ViewController.swift */; };
		7752A1CF2799FC1B004A9982 /* Main.storyboard in Resources */ = {isa = PBXBuildFile; fileRef = 7752A1CD2799FC1B004A9982 /* Main.storyboard */; };
		7752A1D12799FC1E004A9982 /* Assets.xcassets in Resources */ = {isa = PBXBuildFile; fileRef = 7752A1D02799FC1E004A9982 /* Assets.xcassets */; };
		7752A1D42799FC1E004A9982 /* LaunchScreen.storyboard in Resources */ = {isa = PBXBuildFile; fileRef = 7752A1D22799FC1E004A9982 /* LaunchScreen.storyboard */; };
		7752A1DF2799FC1E004A9982 /* Hello2AppTests.swift in Sources */ = {isa = PBXBuildFile; fileRef = 7752A1DE2799FC1E004A9982 /* Hello2AppTests.swift */; };
		7752A1E92799FC1E004A9982 /* Hello2AppUITests.swift in Sources */ = {isa = PBXBuildFile; fileRef = 7752A1E82799FC1E004A9982 /* Hello2AppUITests.swift */; };
		7752A1EB2799FC1E004A9982 /* Hello2AppUITestsLaunchTests.swift in Sources */ = {isa = PBXBuildFile; fileRef = 7752A1EA2799FC1E004A9982 /* Hello2AppUITestsLaunchTests.swift */; };
/* End PBXBuildFile section */

/* Begin PBXContainerItemProxy section */
		7752A1DB2799FC1E004A9982 /* PBXContainerItemProxy */ = {
			isa = PBXContainerItemProxy;
			containerPortal = 7752A1BC2799FC1A004A9982 /* Project object */;
			proxyType = 1;
			remoteGlobalIDString = 7752A1C32799FC1A004A9982;
			remoteInfo = Hello2App;
		};
		7752A1E52799FC1E004A9982 /* PBXContainerItemProxy */ = {
			isa = PBXContainerItemProxy;
			containerPortal = 7752A1BC2799FC1A004A9982 /* Project object */;
			proxyType = 1;
			remoteGlobalIDString = 7752A1C32799FC1A004A9982;
			remoteInfo = Hello2App;
		};
/* End PBXContainerItemProxy section */

/* Begin PBXFileReference section */
		7752A1C42799FC1A004A9982 /* Hello2App.app */ = {isa = PBXFileReference; explicitFileType = wrapper.application; includeInIndex = 0; path = Hello2App.app; sourceTree = BUILT_PRODUCTS_DIR; };
		7752A1C72799FC1B004A9982 /* AppDelegate.swift */ = {isa = PBXFileReference; lastKnownFileType = sourcecode.swift; path = AppDelegate.swift; sourceTree = "<group>"; };
		7752A1C92799FC1B004A9982 /* SceneDelegate.swift */ = {isa = PBXFileReference; lastKnownFileType = sourcecode.swift; path = SceneDelegate.swift; sourceTree = "<group>"; };
		7752A1CB2799FC1B004A9982 /* ViewController.swift */ = {isa = PBXFileReference; lastKnownFileType = sourcecode.swift; path = ViewController.swift; sourceTree = "<group>"; };
		7752A1CE2799FC1B004A9982 /* Base */ = {isa = PBXFileReference; lastKnownFileType = file.storyboard; name = Base; path = Base.lproj/Main.storyboard; sourceTree = "<group>"; };
		7752A1D02799FC1E004A9982 /* Assets.xcassets */ = {isa = PBXFileReference; lastKnownFileType = folder.assetcatalog; path = Assets.xcassets; sourceTree = "<group>"; };
		7752A1D32799FC1E004A9982 /* Base */ = {isa = PBXFileReference; lastKnownFileType = file.storyboard; name = Base; path = Base.lproj/LaunchScreen.storyboard; sourceTree = "<group>"; };
		7752A1D52799FC1E004A9982 /* Info.plist */ = {isa = PBXFileReference; lastKnownFileType = text.plist.xml; path = Info.plist; sourceTree = "<group>"; };
		7752A1DA2799FC1E004A9982 /* Hello2AppTests.xctest */ = {isa = PBXFileReference; explicitFileType = wrapper.cfbundle; includeInIndex = 0; path = Hello2AppTests.xctest; sourceTree = BUILT_PRODUCTS_DIR; };
		7752A1DE2799FC1E004A9982 /* Hello2AppTests.swift */ = {isa = PBXFileReference; lastKnownFileType = sourcecode.swift; path = Hello2AppTests.swift; sourceTree = "<group>"; };
		7752A1E42799FC1E004A9982 /* Hello2AppUITests.xctest */ = {isa = PBXFileReference; explicitFileType = wrapper.cfbundle; includeInIndex = 0; path = Hello2AppUITests.xctest; sourceTree = BUILT_PRODUCTS_DIR; };
		7752A1E82799FC1E004A9982 /* Hello2AppUITests.swift */ = {isa = PBXFileReference; lastKnownFileType = sourcecode.swift; path = Hello2AppUITests.swift; sourceTree = "<group>"; };
		7752A1EA2799FC1E004A9982 /* Hello2AppUITestsLaunchTests.swift */ = {isa = PBXFileReference; lastKnownFileType = sourcecode.swift; path = Hello2AppUITestsLaunchTests.swift; sourceTree = "<group>"; };
/* End PBXFileReference section */

/* Begin PBXFrameworksBuildPhase section */
		7752A1C12799FC1A004A9982 /* Frameworks */ = {
			isa = PBXFrameworksBuildPhase;
			buildActionMask = 2147483647;
			files = (
			);
			runOnlyForDeploymentPostprocessing = 0;
		};
		7752A1D72799FC1E004A9982 /* Frameworks */ = {
			isa = PBXFrameworksBuildPhase;
			buildActionMask = 2147483647;
			files = (
			);
			runOnlyForDeploymentPostprocessing = 0;
		};
		7752A1E12799FC1E004A9982 /* Frameworks */ = {
			isa = PBXFrameworksBuildPhase;
			buildActionMask = 2147483647;
			files = (
			);
			runOnlyForDeploymentPostprocessing = 0;
		};
/* End PBXFrameworksBuildPhase section */

/* Begin PBXGroup section */
		7752A1BB2799FC1A004A9982 = {
			isa = PBXGroup;
			children = (
				7752A1C62799FC1B004A9982 /* Hello2App */,
				7752A1DD2799FC1E004A9982 /* Hello2AppTests */,
				7752A1E72799FC1E004A9982 /* Hello2AppUITests */,
				7752A1C52799FC1A004A9982 /* Products */,
			);
			sourceTree = "<group>";
		};
		7752A1C52799FC1A004A9982 /* Products */ = {
			isa = PBXGroup;
			children = (
				7752A1C42799FC1A004A9982 /* Hello2App.app */,
				7752A1DA2799FC1E004A9982 /* Hello2AppTests.xctest */,
				7752A1E42799FC1E004A9982 /* Hello2AppUITests.xctest */,
			);
			name = Products;
			sourceTree = "<group>";
		};
		7752A1C62799FC1B004A9982 /* Hello2App */ = {
			isa = PBXGroup;
			children = (
				7752A1C72799FC1B004A9982 /* AppDelegate.swift */,
				7752A1C92799FC1B004A9982 /* SceneDelegate.swift */,
				7752A1CB2799FC1B004A9982 /* ViewController.swift */,
				7752A1CD2799FC1B004A9982 /* Main.storyboard */,
				7752A1D02799FC1E004A9982 /* Assets.xcassets */,
				7752A1D22799FC1E004A9982 /* LaunchScreen.storyboard */,
				7752A1D52799FC1E004A9982 /* Info.plist */,
			);
			path = Hello2App;
			sourceTree = "<group>";
		};
		7752A1DD2799FC1E004A9982 /* Hello2AppTests */ = {
			isa = PBXGroup;
			children = (
				7752A1DE2799FC1E004A9982 /* Hello2AppTests.swift */,
			);
			path = Hello2AppTests;
			sourceTree = "<group>";
		};
		7752A1E72799FC1E004A9982 /* Hello2AppUITests */ = {
			isa = PBXGroup;
			children = (
				7752A1E82799FC1E004A9982 /* Hello2AppUITests.swift */,
				7752A1EA2799FC1E004A9982 /* Hello2AppUITestsLaunchTests.swift */,
			);
			path = Hello2AppUITests;
			sourceTree = "<group>";
		};
/* End PBXGroup section */

/* Begin PBXNativeTarget section */
		7752A1C32799FC1A004A9982 /* Hello2App */ = {
			isa = PBXNativeTarget;
			buildConfigurationList = 7752A1EE2799FC1E004A9982 /* Build configuration list for PBXNativeTarget "Hello2App" */;
			buildPhases = (
				7752A1C02799FC1A004A9982 /* Sources */,
				7752A1C12799FC1A004A9982 /* Frameworks */,
				7752A1C22799FC1A004A9982 /* Resources */,
			);
			buildRules = (
			);
			dependencies = (
			);
			name = Hello2App;
			productName = Hello2App;
			productReference = 7752A1C42799FC1A004A9982 /* Hello2App.app */;
			productType = "com.apple.product-type.application";
		};
		7752A1D92799FC1E004A9982 /* Hello2AppTests */ = {
			isa = PBXNativeTarget;
			buildConfigurationList = 7752A1F12799FC1E004A9982 /* Build configuration list for PBXNativeTarget "Hello2AppTests" */;
			buildPhases = (
				7752A1D62799FC1E004A9982 /* Sources */,
				7752A1D72799FC1E004A9982 /* Frameworks */,
				7752A1D82799FC1E004A9982 /* Resources */,
			);
			buildRules = (
			);
			dependencies = (
				7752A1DC2799FC1E004A9982 /* PBXTargetDependency */,
			);
			name = Hello2AppTests;
			productName = Hello2AppTests;
			productReference = 7752A1DA2799FC1E004A9982 /* Hello2AppTests.xctest */;
			productType = "com.apple.product-type.bundle.unit-test";
		};
		7752A1E32799FC1E004A9982 /* Hello2AppUITests */ = {
			isa = PBXNativeTarget;
			buildConfigurationList = 7752A1F42799FC1E004A9982 /* Build configuration list for PBXNativeTarget "Hello2AppUITests" */;
			buildPhases = (
				7752A1E02799FC1E004A9982 /* Sources */,
				7752A1E12799FC1E004A9982 /* Frameworks */,
				7752A1E22799FC1E004A9982 /* Resources */,
			);
			buildRules = (
			);
			dependencies = (
				7752A1E62799FC1E004A9982 /* PBXTargetDependency */,
			);
			name = Hello2AppUITests;
			productName = Hello2AppUITests;
			productReference = 7752A1E42799FC1E004A9982 /* Hello2AppUITests.xctest */;
			productType = "com.apple.product-type.bundle.ui-testing";
		};
/* End PBXNativeTarget section */

/* Begin PBXProject section */
		7752A1BC2799FC1A004A9982 /* Project object */ = {
			isa = PBXProject;
			attributes = {
				BuildIndependentTargetsInParallel = 1;
				LastSwiftUpdateCheck = 1320;
				LastUpgradeCheck = 1320;
				TargetAttributes = {
					7752A1C32799FC1A004A9982 = {
						CreatedOnToolsVersion = 13.2.1;
					};
					7752A1D92799FC1E004A9982 = {
						CreatedOnToolsVersion = 13.2.1;
						TestTargetID = 7752A1C32799FC1A004A9982;
					};
					7752A1E32799FC1E004A9982 = {
						CreatedOnToolsVersion = 13.2.1;
						TestTargetID = 7752A1C32799FC1A004A9982;
					};
				};
			};
			buildConfigurationList = 7752A1BF2799FC1A004A9982 /* Build configuration list for PBXProject "Hello2App" */;
			compatibilityVersion = "Xcode 13.0";
			developmentRegion = en;
			hasScannedForEncodings = 0;
			knownRegions = (
				en,
				Base,
			);
			mainGroup = 7752A1BB2799FC1A004A9982;
			productRefGroup = 7752A1C52799FC1A004A9982 /* Products */;
			projectDirPath = "";
			projectRoot = "";
			targets = (
				7752A1C32799FC1A004A9982 /* Hello2App */,
				7752A1D92799FC1E004A9982 /* Hello2AppTests */,
				7752A1E32799FC1E004A9982 /* Hello2AppUITests */,
			);
		};
/* End PBXProject section */

/* Begin PBXResourcesBuildPhase section */
		7752A1C22799FC1A004A9982 /* Resources */ = {
			isa = PBXResourcesBuildPhase;
			buildActionMask = 2147483647;
			files = (
				7752A1D42799FC1E004A9982 /* LaunchScreen.storyboard in Resources */,
				7752A1D12799FC1E004A9982 /* Assets.xcassets in Resources */,
				7752A1CF2799FC1B004A9982 /* Main.storyboard in Resources */,
			);
			runOnlyForDeploymentPostprocessing = 0;
		};
		7752A1D82799FC1E004A9982 /* Resources */ = {
			isa = PBXResourcesBuildPhase;
			buildActionMask = 2147483647;
			files = (
			);
			runOnlyForDeploymentPostprocessing = 0;
		};
		7752A1E22799FC1E004A9982 /* Resources */ = {
			isa = PBXResourcesBuildPhase;
			buildActionMask = 2147483647;
			files = (
			);
			runOnlyForDeploymentPostprocessing = 0;
		};
/* End PBXResourcesBuildPhase section */

/* Begin PBXSourcesBuildPhase section */
		7752A1C02799FC1A004A9982 /* Sources */ = {
			isa = PBXSourcesBuildPhase;
			buildActionMask = 2147483647;
			files = (
				7752A1CC2799FC1B004A9982 /* ViewController.swift in Sources */,
				7752A1C82799FC1B004A9982 /* AppDelegate.swift in Sources */,
				7752A1CA2799FC1B004A9982 /* SceneDelegate.swift in Sources */,
			);
			runOnlyForDeploymentPostprocessing = 0;
		};
		7752A1D62799FC1E004A9982 /* Sources */ = {
			isa = PBXSourcesBuildPhase;
			buildActionMask = 2147483647;
			files = (
				7752A1DF2799FC1E004A9982 /* Hello2AppTests.swift in Sources */,
			);
			runOnlyForDeploymentPostprocessing = 0;
		};
		7752A1E02799FC1E004A9982 /* Sources */ = {
			isa = PBXSourcesBuildPhase;
			buildActionMask = 2147483647;
			files = (
				7752A1EB2799FC1E004A9982 /* Hello2AppUITestsLaunchTests.swift in Sources */,
				7752A1E92799FC1E004A9982 /* Hello2AppUITests.swift in Sources */,
			);
			runOnlyForDeploymentPostprocessing = 0;
		};
/* End PBXSourcesBuildPhase section */

/* Begin PBXTargetDependency section */
		7752A1DC2799FC1E004A9982 /* PBXTargetDependency */ = {
			isa = PBXTargetDependency;
			target = 7752A1C32799FC1A004A9982 /* Hello2App */;
			targetProxy = 7752A1DB2799FC1E004A9982 /* PBXContainerItemProxy */;
		};
		7752A1E62799FC1E004A9982 /* PBXTargetDependency */ = {
			isa = PBXTargetDependency;
			target = 7752A1C32799FC1A004A9982 /* Hello2App */;
			targetProxy = 7752A1E52799FC1E004A9982 /* PBXContainerItemProxy */;
		};
/* End PBXTargetDependency section */

/* Begin PBXVariantGroup section */
		7752A1CD2799FC1B004A9982 /* Main.storyboard */ = {
			isa = PBXVariantGroup;
			children = (
				7752A1CE2799FC1B004A9982 /* Base */,
			);
			name = Main.storyboard;
			sourceTree = "<group>";
		};
		7752A1D22799FC1E004A9982 /* LaunchScreen.storyboard */ = {
			isa = PBXVariantGroup;
			children = (
				7752A1D32799FC1E004A9982 /* Base */,
			);
			name = LaunchScreen.storyboard;
			sourceTree = "<group>";
		};
/* End PBXVariantGroup section */

/* Begin XCBuildConfiguration section */
		7752A1EC2799FC1E004A9982 /* Debug */ = {
			isa = XCBuildConfiguration;
			buildSettings = {
				ALWAYS_SEARCH_USER_PATHS = NO;
				CLANG_ANALYZER_NONNULL = YES;
				CLANG_ANALYZER_NUMBER_OBJECT_CONVERSION = YES_AGGRESSIVE;
				CLANG_CXX_LANGUAGE_STANDARD = "gnu++17";
				CLANG_CXX_LIBRARY = "libc++";
				CLANG_ENABLE_MODULES = YES;
				CLANG_ENABLE_OBJC_ARC = YES;
				CLANG_ENABLE_OBJC_WEAK = YES;
				CLANG_WARN_BLOCK_CAPTURE_AUTORELEASING = YES;
				CLANG_WARN_BOOL_CONVERSION = YES;
				CLANG_WARN_COMMA = YES;
				CLANG_WARN_CONSTANT_CONVERSION = YES;
				CLANG_WARN_DEPRECATED_OBJC_IMPLEMENTATIONS = YES;
				CLANG_WARN_DIRECT_OBJC_ISA_USAGE = YES_ERROR;
				CLANG_WARN_DOCUMENTATION_COMMENTS = YES;
				CLANG_WARN_EMPTY_BODY = YES;
				CLANG_WARN_ENUM_CONVERSION = YES;
				CLANG_WARN_INFINITE_RECURSION = YES;
				CLANG_WARN_INT_CONVERSION = YES;
				CLANG_WARN_NON_LITERAL_NULL_CONVERSION = YES;
				CLANG_WARN_OBJC_IMPLICIT_RETAIN_SELF = YES;
				CLANG_WARN_OBJC_LITERAL_CONVERSION = YES;
				CLANG_WARN_OBJC_ROOT_CLASS = YES_ERROR;
				CLANG_WARN_QUOTED_INCLUDE_IN_FRAMEWORK_HEADER = YES;
				CLANG_WARN_RANGE_LOOP_ANALYSIS = YES;
				CLANG_WARN_STRICT_PROTOTYPES = YES;
				CLANG_WARN_SUSPICIOUS_MOVE = YES;
				CLANG_WARN_UNGUARDED_AVAILABILITY = YES_AGGRESSIVE;
				CLANG_WARN_UNREACHABLE_CODE = YES;
				CLANG_WARN__DUPLICATE_METHOD_MATCH = YES;
				COPY_PHASE_STRIP = NO;
				DEBUG_INFORMATION_FORMAT = dwarf;
				ENABLE_STRICT_OBJC_MSGSEND = YES;
				ENABLE_TESTABILITY = YES;
				GCC_C_LANGUAGE_STANDARD = gnu11;
				GCC_DYNAMIC_NO_PIC = NO;
				GCC_NO_COMMON_BLOCKS = YES;
				GCC_OPTIMIZATION_LEVEL = 0;
				GCC_PREPROCESSOR_DEFINITIONS = (
					"DEBUG=1",
					"$(inherited)",
				);
				GCC_WARN_64_TO_32_BIT_CONVERSION = YES;
				GCC_WARN_ABOUT_RETURN_TYPE = YES_ERROR;
				GCC_WARN_UNDECLARED_SELECTOR = YES;
				GCC_WARN_UNINITIALIZED_AUTOS = YES_AGGRESSIVE;
				GCC_WARN_UNUSED_FUNCTION = YES;
				GCC_WARN_UNUSED_VARIABLE = YES;
				IPHONEOS_DEPLOYMENT_TARGET = 15.2;
				MTL_ENABLE_DEBUG_INFO = INCLUDE_SOURCE;
				MTL_FAST_MATH = YES;
				ONLY_ACTIVE_ARCH = YES;
				SDKROOT = iphoneos;
				SWIFT_ACTIVE_COMPILATION_CONDITIONS = DEBUG;
				SWIFT_OPTIMIZATION_LEVEL = "-Onone";
			};
			name = Debug;
		};
		7752A1ED2799FC1E004A9982 /* Release */ = {
			isa = XCBuildConfiguration;
			buildSettings = {
				ALWAYS_SEARCH_USER_PATHS = NO;
				CLANG_ANALYZER_NONNULL = YES;
				CLANG_ANALYZER_NUMBER_OBJECT_CONVERSION = YES_AGGRESSIVE;
				CLANG_CXX_LANGUAGE_STANDARD = "gnu++17";
				CLANG_CXX_LIBRARY = "libc++";
				CLANG_ENABLE_MODULES = YES;
				CLANG_ENABLE_OBJC_ARC = YES;
				CLANG_ENABLE_OBJC_WEAK = YES;
				CLANG_WARN_BLOCK_CAPTURE_AUTORELEASING = YES;
				CLANG_WARN_BOOL_CONVERSION = YES;
				CLANG_WARN_COMMA = YES;
				CLANG_WARN_CONSTANT_CONVERSION = YES;
				CLANG_WARN_DEPRECATED_OBJC_IMPLEMENTATIONS = YES;
				CLANG_WARN_DIRECT_OBJC_ISA_USAGE = YES_ERROR;
				CLANG_WARN_DOCUMENTATION_COMMENTS = YES;
				CLANG_WARN_EMPTY_BODY = YES;
				CLANG_WARN_ENUM_CONVERSION = YES;
				CLANG_WARN_INFINITE_RECURSION = YES;
				CLANG_WARN_INT_CONVERSION = YES;
				CLANG_WARN_NON_LITERAL_NULL_CONVERSION = YES;
				CLANG_WARN_OBJC_IMPLICIT_RETAIN_SELF = YES;
				CLANG_WARN_OBJC_LITERAL_CONVERSION = YES;
				CLANG_WARN_OBJC_ROOT_CLASS = YES_ERROR;
				CLANG_WARN_QUOTED_INCLUDE_IN_FRAMEWORK_HEADER = YES;
				CLANG_WARN_RANGE_LOOP_ANALYSIS = YES;
				CLANG_WARN_STRICT_PROTOTYPES = YES;
				CLANG_WARN_SUSPICIOUS_MOVE = YES;
				CLANG_WARN_UNGUARDED_AVAILABILITY = YES_AGGRESSIVE;
				CLANG_WARN_UNREACHABLE_CODE = YES;
				CLANG_WARN__DUPLICATE_METHOD_MATCH = YES;
				COPY_PHASE_STRIP = NO;
				DEBUG_INFORMATION_FORMAT = "dwarf-with-dsym";
				ENABLE_NS_ASSERTIONS = NO;
				ENABLE_STRICT_OBJC_MSGSEND = YES;
				GCC_C_LANGUAGE_STANDARD = gnu11;
				GCC_NO_COMMON_BLOCKS = YES;
				GCC_WARN_64_TO_32_BIT_CONVERSION = YES;
				GCC_WARN_ABOUT_RETURN_TYPE = YES_ERROR;
				GCC_WARN_UNDECLARED_SELECTOR = YES;
				GCC_WARN_UNINITIALIZED_AUTOS = YES_AGGRESSIVE;
				GCC_WARN_UNUSED_FUNCTION = YES;
				GCC_WARN_UNUSED_VARIABLE = YES;
				IPHONEOS_DEPLOYMENT_TARGET = 15.2;
				MTL_ENABLE_DEBUG_INFO = NO;
				MTL_FAST_MATH = YES;
				SDKROOT = iphoneos;
				SWIFT_COMPILATION_MODE = wholemodule;
				SWIFT_OPTIMIZATION_LEVEL = "-O";
				VALIDATE_PRODUCT = YES;
			};
			name = Release;
		};
		7752A1EF2799FC1E004A9982 /* Debug */ = {
			isa = XCBuildConfiguration;
			buildSettings = {
				ASSETCATALOG_COMPILER_APPICON_NAME = AppIcon;
				ASSETCATALOG_COMPILER_GLOBAL_ACCENT_COLOR_NAME = AccentColor;
				CODE_SIGN_STYLE = Automatic;
				CURRENT_PROJECT_VERSION = 1;
				GENERATE_INFOPLIST_FILE = YES;
				INFOPLIST_FILE = Hello2App/Info.plist;
				INFOPLIST_KEY_CFBundleDisplayName = Hello2App;
				INFOPLIST_KEY_UIApplicationSupportsIndirectInputEvents = YES;
				INFOPLIST_KEY_UILaunchStoryboardName = LaunchScreen;
				INFOPLIST_KEY_UIMainStoryboardFile = Main;
				INFOPLIST_KEY_UISupportedInterfaceOrientations_iPad = "UIInterfaceOrientationPortrait UIInterfaceOrientationPortraitUpsideDown UIInterfaceOrientationLandscapeLeft UIInterfaceOrientationLandscapeRight";
				INFOPLIST_KEY_UISupportedInterfaceOrientations_iPhone = "UIInterfaceOrientationPortrait UIInterfaceOrientationLandscapeLeft UIInterfaceOrientationLandscapeRight";
				LD_RUNPATH_SEARCH_PATHS = (
					"$(inherited)",
					"@executable_path/Frameworks",
				);
				MARKETING_VERSION = 1.0;
				PRODUCT_BUNDLE_IDENTIFIER = nwmsu.Hello2App;
				PRODUCT_NAME = "$(TARGET_NAME)";
				SWIFT_EMIT_LOC_STRINGS = YES;
				SWIFT_VERSION = 5.0;
				TARGETED_DEVICE_FAMILY = "1,2";
			};
			name = Debug;
		};
		7752A1F02799FC1E004A9982 /* Release */ = {
			isa = XCBuildConfiguration;
			buildSettings = {
				ASSETCATALOG_COMPILER_APPICON_NAME = AppIcon;
				ASSETCATALOG_COMPILER_GLOBAL_ACCENT_COLOR_NAME = AccentColor;
				CODE_SIGN_STYLE = Automatic;
				CURRENT_PROJECT_VERSION = 1;
				GENERATE_INFOPLIST_FILE = YES;
				INFOPLIST_FILE = Hello2App/Info.plist;
				INFOPLIST_KEY_CFBundleDisplayName = Hello2App;
				INFOPLIST_KEY_UIApplicationSupportsIndirectInputEvents = YES;
				INFOPLIST_KEY_UILaunchStoryboardName = LaunchScreen;
				INFOPLIST_KEY_UIMainStoryboardFile = Main;
				INFOPLIST_KEY_UISupportedInterfaceOrientations_iPad = "UIInterfaceOrientationPortrait UIInterfaceOrientationPortraitUpsideDown UIInterfaceOrientationLandscapeLeft UIInterfaceOrientationLandscapeRight";
				INFOPLIST_KEY_UISupportedInterfaceOrientations_iPhone = "UIInterfaceOrientationPortrait UIInterfaceOrientationLandscapeLeft UIInterfaceOrientationLandscapeRight";
				LD_RUNPATH_SEARCH_PATHS = (
					"$(inherited)",
					"@executable_path/Frameworks",
				);
				MARKETING_VERSION = 1.0;
				PRODUCT_BUNDLE_IDENTIFIER = nwmsu.Hello2App;
				PRODUCT_NAME = "$(TARGET_NAME)";
				SWIFT_EMIT_LOC_STRINGS = YES;
				SWIFT_VERSION = 5.0;
				TARGETED_DEVICE_FAMILY = "1,2";
			};
			name = Release;
		};
		7752A1F22799FC1E004A9982 /* Debug */ = {
			isa = XCBuildConfiguration;
			buildSettings = {
				ALWAYS_EMBED_SWIFT_STANDARD_LIBRARIES = YES;
				BUNDLE_LOADER = "$(TEST_HOST)";
				CODE_SIGN_STYLE = Automatic;
				CURRENT_PROJECT_VERSION = 1;
				GENERATE_INFOPLIST_FILE = YES;
				IPHONEOS_DEPLOYMENT_TARGET = 15.2;
				MARKETING_VERSION = 1.0;
				PRODUCT_BUNDLE_IDENTIFIER = nwmsu.Hello2AppTests;
				PRODUCT_NAME = "$(TARGET_NAME)";
				SWIFT_EMIT_LOC_STRINGS = NO;
				SWIFT_VERSION = 5.0;
				TARGETED_DEVICE_FAMILY = "1,2";
				TEST_HOST = "$(BUILT_PRODUCTS_DIR)/Hello2App.app/Hello2App";
			};
			name = Debug;
		};
		7752A1F32799FC1E004A9982 /* Release */ = {
			isa = XCBuildConfiguration;
			buildSettings = {
				ALWAYS_EMBED_SWIFT_STANDARD_LIBRARIES = YES;
				BUNDLE_LOADER = "$(TEST_HOST)";
				CODE_SIGN_STYLE = Automatic;
				CURRENT_PROJECT_VERSION = 1;
				GENERATE_INFOPLIST_FILE = YES;
				IPHONEOS_DEPLOYMENT_TARGET = 15.2;
				MARKETING_VERSION = 1.0;
				PRODUCT_BUNDLE_IDENTIFIER = nwmsu.Hello2AppTests;
				PRODUCT_NAME = "$(TARGET_NAME)";
				SWIFT_EMIT_LOC_STRINGS = NO;
				SWIFT_VERSION = 5.0;
				TARGETED_DEVICE_FAMILY = "1,2";
				TEST_HOST = "$(BUILT_PRODUCTS_DIR)/Hello2App.app/Hello2App";
			};
			name = Release;
		};
		7752A1F52799FC1E004A9982 /* Debug */ = {
			isa = XCBuildConfiguration;
			buildSettings = {
				ALWAYS_EMBED_SWIFT_STANDARD_LIBRARIES = YES;
				CODE_SIGN_STYLE = Automatic;
				CURRENT_PROJECT_VERSION = 1;
				GENERATE_INFOPLIST_FILE = YES;
				MARKETING_VERSION = 1.0;
				PRODUCT_BUNDLE_IDENTIFIER = nwmsu.Hello2AppUITests;
				PRODUCT_NAME = "$(TARGET_NAME)";
				SWIFT_EMIT_LOC_STRINGS = NO;
				SWIFT_VERSION = 5.0;
				TARGETED_DEVICE_FAMILY = "1,2";
				TEST_TARGET_NAME = Hello2App;
			};
			name = Debug;
		};
		7752A1F62799FC1E004A9982 /* Release */ = {
			isa = XCBuildConfiguration;
			buildSettings = {
				ALWAYS_EMBED_SWIFT_STANDARD_LIBRARIES = YES;
				CODE_SIGN_STYLE = Automatic;
				CURRENT_PROJECT_VERSION = 1;
				GENERATE_INFOPLIST_FILE = YES;
				MARKETING_VERSION = 1.0;
				PRODUCT_BUNDLE_IDENTIFIER = nwmsu.Hello2AppUITests;
				PRODUCT_NAME = "$(TARGET_NAME)";
				SWIFT_EMIT_LOC_STRINGS = NO;
				SWIFT_VERSION = 5.0;
				TARGETED_DEVICE_FAMILY = "1,2";
				TEST_TARGET_NAME = Hello2App;
			};
			name = Release;
		};
/* End XCBuildConfiguration section */

/* Begin XCConfigurationList section */
		7752A1BF2799FC1A004A9982 /* Build configuration list for PBXProject "Hello2App" */ = {
			isa = XCConfigurationList;
			buildConfigurations = (
				7752A1EC2799FC1E004A9982 /* Debug */,
				7752A1ED2799FC1E004A9982 /* Release */,
			);
			defaultConfigurationIsVisible = 0;
			defaultConfigurationName = Release;
		};
		7752A1EE2799FC1E004A9982 /* Build configuration list for PBXNativeTarget "Hello2App" */ = {
			isa = XCConfigurationList;
			buildConfigurations = (
				7752A1EF2799FC1E004A9982 /* Debug */,
				7752A1F02799FC1E004A9982 /* Release */,
			);
			defaultConfigurationIsVisible = 0;
			defaultConfigurationName = Release;
		};
		7752A1F12799FC1E004A9982 /* Build configuration list for PBXNativeTarget "Hello2AppTests" */ = {
			isa = XCConfigurationList;
			buildConfigurations = (
				7752A1F22799FC1E004A9982 /* Debug */,
				7752A1F32799FC1E004A9982 /* Release */,
			);
			defaultConfigurationIsVisible = 0;
			defaultConfigurationName = Release;
		};
		7752A1F42799FC1E004A9982 /* Build configuration list for PBXNativeTarget "Hello2AppUITests" */ = {
			isa = XCConfigurationList;
			buildConfigurations = (
				7752A1F52799FC1E004A9982 /* Debug */,
				7752A1F62799FC1E004A9982 /* Release */,
			);
			defaultConfigurationIsVisible = 0;
			defaultConfigurationName = Release;
		};
/* End XCConfigurationList section */
	};
	rootObject = 7752A1BC2799FC1A004A9982 /* Project object */;
}
